
Microsoft Visual Studio Solution File, Format Version 12.00
# Visual Studio 14
VisualStudioVersion = 14.0.24720.0
MinimumVisualStudioVersion = 10.0.40219.1
Project("{8BC9CEB8-8B4A-11D0-8D11-00A0C91BC942}") = "00_AIEOpenGL", "Projects\00_AIEOpenGL\00_AIEOpenGL.vcxproj", "{63494F4E-79FA-48AD-AA6C-BDF1FF1619FD}"
EndProject
Project("{8BC9CEB8-8B4A-11D0-8D11-00A0C91BC942}") = "01_Threading", "Projects\01_Threading\01_Threading.vcxproj", "{049A900A-DCF6-4E76-AB32-3731498A6043}"
	ProjectSection(ProjectDependencies) = postProject
		{63494F4E-79FA-48AD-AA6C-BDF1FF1619FD} = {63494F4E-79FA-48AD-AA6C-BDF1FF1619FD}
	EndProjectSection
EndProject
Project("{8BC9CEB8-8B4A-11D0-8D11-00A0C91BC942}") = "02_CacheCoherence", "Projects\02_CacheCoherence\02_CacheCoherence.vcxproj", "{B76D6C77-7D5A-43D1-B0CC-6D763FE943AA}"
	ProjectSection(ProjectDependencies) = postProject
		{63494F4E-79FA-48AD-AA6C-BDF1FF1619FD} = {63494F4E-79FA-48AD-AA6C-BDF1FF1619FD}
	EndProjectSection
EndProject
Project("{8BC9CEB8-8B4A-11D0-8D11-00A0C91BC942}") = "03_GPGPU", "Projects\03_GPGPU\03_GPGPU.vcxproj", "{B2B9E2AA-B522-45C1-B4E6-77B9305D322C}"
	ProjectSection(ProjectDependencies) = postProject
		{63494F4E-79FA-48AD-AA6C-BDF1FF1619FD} = {63494F4E-79FA-48AD-AA6C-BDF1FF1619FD}
	EndProjectSection
EndProject
Project("{8BC9CEB8-8B4A-11D0-8D11-00A0C91BC942}") = "Genetics", "Projects\Genetics\Genetics.vcxproj", "{FEA9BB87-DC3C-4EA0-B72E-AA548D5E5691}"
	ProjectSection(ProjectDependencies) = postProject
		{63494F4E-79FA-48AD-AA6C-BDF1FF1619FD} = {63494F4E-79FA-48AD-AA6C-BDF1FF1619FD}
	EndProjectSection
EndProject
Project("{8BC9CEB8-8B4A-11D0-8D11-00A0C91BC942}") = "06_MachineLearning", "Projects\06_MachineLearning\06_MachineLearning.vcxproj", "{C27AC448-21B5-4F03-8A9B-663AACE64168}"
EndProject
Project("{8BC9CEB8-8B4A-11D0-8D11-00A0C91BC942}") = "07_Networking (ClientApp)", "Projects\07_Networking (ClientApp)\07_Networking (ClientApp).vcxproj", "{AA28AB52-152A-4DEC-BEDD-B7EA1ECDB4C4}"
	ProjectSection(ProjectDependencies) = postProject
		{63494F4E-79FA-48AD-AA6C-BDF1FF1619FD} = {63494F4E-79FA-48AD-AA6C-BDF1FF1619FD}
		{43020E70-F2F0-4014-9493-803D98ECA65C} = {43020E70-F2F0-4014-9493-803D98ECA65C}
	EndProjectSection
EndProject
Project("{8BC9CEB8-8B4A-11D0-8D11-00A0C91BC942}") = "07_Networking (ServerApp)", "Projects\07_Networking (ServerApp)\07_Networking (ServerApp).vcxproj", "{43020E70-F2F0-4014-9493-803D98ECA65C}"
	ProjectSection(ProjectDependencies) = postProject
		{63494F4E-79FA-48AD-AA6C-BDF1FF1619FD} = {63494F4E-79FA-48AD-AA6C-BDF1FF1619FD}
	EndProjectSection
EndProject
Project("{8BC9CEB8-8B4A-11D0-8D11-00A0C91BC942}") = "GeneticsTemp", "Projects\GeneticsTemp\GeneticsTemp.vcxproj", "{D1891C85-B911-4C08-873F-45936E444989}"
	ProjectSection(ProjectDependencies) = postProject
		{63494F4E-79FA-48AD-AA6C-BDF1FF1619FD} = {63494F4E-79FA-48AD-AA6C-BDF1FF1619FD}
	EndProjectSection
EndProject
Project("{8BC9CEB8-8B4A-11D0-8D11-00A0C91BC942}") = "04_BehaviouralMathematics", "Projects\04_BehaviouralMathematics\04_BehaviouralMathematics.vcxproj", "{213554AC-2009-4A64-BECA-ED30ECD5ABB4}"
EndProject
Project("{8BC9CEB8-8B4A-11D0-8D11-00A0C91BC942}") = "StateMachine", "Projects\StateMachine\StateMachine.vcxproj", "{A26600DE-F297-4AA5-88C1-BC8337C9FCD4}"
	ProjectSection(ProjectDependencies) = postProject
		{63494F4E-79FA-48AD-AA6C-BDF1FF1619FD} = {63494F4E-79FA-48AD-AA6C-BDF1FF1619FD}
	EndProjectSection
EndProject
Global
	GlobalSection(SolutionConfigurationPlatforms) = preSolution
		Debug|x64 = Debug|x64
		Debug|x86 = Debug|x86
		Release|x64 = Release|x64
		Release|x86 = Release|x86
	EndGlobalSection
	GlobalSection(ProjectConfigurationPlatforms) = postSolution
		{63494F4E-79FA-48AD-AA6C-BDF1FF1619FD}.Debug|x64.ActiveCfg = Debug|x64
		{63494F4E-79FA-48AD-AA6C-BDF1FF1619FD}.Debug|x64.Build.0 = Debug|x64
		{63494F4E-79FA-48AD-AA6C-BDF1FF1619FD}.Debug|x86.ActiveCfg = Debug|Win32
		{63494F4E-79FA-48AD-AA6C-BDF1FF1619FD}.Debug|x86.Build.0 = Debug|Win32
		{63494F4E-79FA-48AD-AA6C-BDF1FF1619FD}.Release|x64.ActiveCfg = Release|x64
		{63494F4E-79FA-48AD-AA6C-BDF1FF1619FD}.Release|x64.Build.0 = Release|x64
		{63494F4E-79FA-48AD-AA6C-BDF1FF1619FD}.Release|x86.ActiveCfg = Release|Win32
		{63494F4E-79FA-48AD-AA6C-BDF1FF1619FD}.Release|x86.Build.0 = Release|Win32
		{049A900A-DCF6-4E76-AB32-3731498A6043}.Debug|x64.ActiveCfg = Debug|x64
		{049A900A-DCF6-4E76-AB32-3731498A6043}.Debug|x64.Build.0 = Debug|x64
		{049A900A-DCF6-4E76-AB32-3731498A6043}.Debug|x86.ActiveCfg = Debug|Win32
		{049A900A-DCF6-4E76-AB32-3731498A6043}.Debug|x86.Build.0 = Debug|Win32
		{049A900A-DCF6-4E76-AB32-3731498A6043}.Release|x64.ActiveCfg = Release|x64
		{049A900A-DCF6-4E76-AB32-3731498A6043}.Release|x64.Build.0 = Release|x64
		{049A900A-DCF6-4E76-AB32-3731498A6043}.Release|x86.ActiveCfg = Release|Win32
		{049A900A-DCF6-4E76-AB32-3731498A6043}.Release|x86.Build.0 = Release|Win32
		{B76D6C77-7D5A-43D1-B0CC-6D763FE943AA}.Debug|x64.ActiveCfg = Debug|x64
		{B76D6C77-7D5A-43D1-B0CC-6D763FE943AA}.Debug|x64.Build.0 = Debug|x64
		{B76D6C77-7D5A-43D1-B0CC-6D763FE943AA}.Debug|x86.ActiveCfg = Debug|Win32
		{B76D6C77-7D5A-43D1-B0CC-6D763FE943AA}.Debug|x86.Build.0 = Debug|Win32
		{B76D6C77-7D5A-43D1-B0CC-6D763FE943AA}.Release|x64.ActiveCfg = Release|x64
		{B76D6C77-7D5A-43D1-B0CC-6D763FE943AA}.Release|x64.Build.0 = Release|x64
		{B76D6C77-7D5A-43D1-B0CC-6D763FE943AA}.Release|x86.ActiveCfg = Release|Win32
		{B76D6C77-7D5A-43D1-B0CC-6D763FE943AA}.Release|x86.Build.0 = Release|Win32
		{B2B9E2AA-B522-45C1-B4E6-77B9305D322C}.Debug|x64.ActiveCfg = Debug|x64
		{B2B9E2AA-B522-45C1-B4E6-77B9305D322C}.Debug|x64.Build.0 = Debug|x64
		{B2B9E2AA-B522-45C1-B4E6-77B9305D322C}.Debug|x86.ActiveCfg = Debug|Win32
		{B2B9E2AA-B522-45C1-B4E6-77B9305D322C}.Debug|x86.Build.0 = Debug|Win32
		{B2B9E2AA-B522-45C1-B4E6-77B9305D322C}.Release|x64.ActiveCfg = Release|x64
		{B2B9E2AA-B522-45C1-B4E6-77B9305D322C}.Release|x64.Build.0 = Release|x64
		{B2B9E2AA-B522-45C1-B4E6-77B9305D322C}.Release|x86.ActiveCfg = Release|Win32
		{B2B9E2AA-B522-45C1-B4E6-77B9305D322C}.Release|x86.Build.0 = Release|Win32
		{FEA9BB87-DC3C-4EA0-B72E-AA548D5E5691}.Debug|x64.ActiveCfg = Debug|x64
		{FEA9BB87-DC3C-4EA0-B72E-AA548D5E5691}.Debug|x64.Build.0 = Debug|x64
		{FEA9BB87-DC3C-4EA0-B72E-AA548D5E5691}.Debug|x86.ActiveCfg = Debug|Win32
		{FEA9BB87-DC3C-4EA0-B72E-AA548D5E5691}.Debug|x86.Build.0 = Debug|Win32
		{FEA9BB87-DC3C-4EA0-B72E-AA548D5E5691}.Release|x64.ActiveCfg = Release|x64
		{FEA9BB87-DC3C-4EA0-B72E-AA548D5E5691}.Release|x64.Build.0 = Release|x64
		{FEA9BB87-DC3C-4EA0-B72E-AA548D5E5691}.Release|x86.ActiveCfg = Release|Win32
		{FEA9BB87-DC3C-4EA0-B72E-AA548D5E5691}.Release|x86.Build.0 = Release|Win32
		{C27AC448-21B5-4F03-8A9B-663AACE64168}.Debug|x64.ActiveCfg = Debug|x64
		{C27AC448-21B5-4F03-8A9B-663AACE64168}.Debug|x64.Build.0 = Debug|x64
		{C27AC448-21B5-4F03-8A9B-663AACE64168}.Debug|x86.ActiveCfg = Debug|Win32
		{C27AC448-21B5-4F03-8A9B-663AACE64168}.Debug|x86.Build.0 = Debug|Win32
		{C27AC448-21B5-4F03-8A9B-663AACE64168}.Release|x64.ActiveCfg = Release|x64
		{C27AC448-21B5-4F03-8A9B-663AACE64168}.Release|x64.Build.0 = Release|x64
		{C27AC448-21B5-4F03-8A9B-663AACE64168}.Release|x86.ActiveCfg = Release|Win32
		{C27AC448-21B5-4F03-8A9B-663AACE64168}.Release|x86.Build.0 = Release|Win32
		{AA28AB52-152A-4DEC-BEDD-B7EA1ECDB4C4}.Debug|x64.ActiveCfg = Debug|x64
		{AA28AB52-152A-4DEC-BEDD-B7EA1ECDB4C4}.Debug|x64.Build.0 = Debug|x64
		{AA28AB52-152A-4DEC-BEDD-B7EA1ECDB4C4}.Debug|x86.ActiveCfg = Debug|Win32
		{AA28AB52-152A-4DEC-BEDD-B7EA1ECDB4C4}.Debug|x86.Build.0 = Debug|Win32
		{AA28AB52-152A-4DEC-BEDD-B7EA1ECDB4C4}.Release|x64.ActiveCfg = Release|x64
		{AA28AB52-152A-4DEC-BEDD-B7EA1ECDB4C4}.Release|x64.Build.0 = Release|x64
		{AA28AB52-152A-4DEC-BEDD-B7EA1ECDB4C4}.Release|x86.ActiveCfg = Release|Win32
		{AA28AB52-152A-4DEC-BEDD-B7EA1ECDB4C4}.Release|x86.Build.0 = Release|Win32
		{43020E70-F2F0-4014-9493-803D98ECA65C}.Debug|x64.ActiveCfg = Debug|x64
		{43020E70-F2F0-4014-9493-803D98ECA65C}.Debug|x64.Build.0 = Debug|x64
		{43020E70-F2F0-4014-9493-803D98ECA65C}.Debug|x86.ActiveCfg = Debug|Win32
		{43020E70-F2F0-4014-9493-803D98ECA65C}.Debug|x86.Build.0 = Debug|Win32
		{43020E70-F2F0-4014-9493-803D98ECA65C}.Release|x64.ActiveCfg = Release|x64
		{43020E70-F2F0-4014-9493-803D98ECA65C}.Release|x64.Build.0 = Release|x64
		{43020E70-F2F0-4014-9493-803D98ECA65C}.Release|x86.ActiveCfg = Release|Win32
		{43020E70-F2F0-4014-9493-803D98ECA65C}.Release|x86.Build.0 = Release|Win32
		{D1891C85-B911-4C08-873F-45936E444989}.Debug|x64.ActiveCfg = Debug|x64
		{D1891C85-B911-4C08-873F-45936E444989}.Debug|x64.Build.0 = Debug|x64
		{D1891C85-B911-4C08-873F-45936E444989}.Debug|x86.ActiveCfg = Debug|Win32
		{D1891C85-B911-4C08-873F-45936E444989}.Debug|x86.Build.0 = Debug|Win32
		{D1891C85-B911-4C08-873F-45936E444989}.Release|x64.ActiveCfg = Release|x64
		{D1891C85-B911-4C08-873F-45936E444989}.Release|x64.Build.0 = Release|x64
		{D1891C85-B911-4C08-873F-45936E444989}.Release|x86.ActiveCfg = Release|Win32
		{D1891C85-B911-4C08-873F-45936E444989}.Release|x86.Build.0 = Release|Win32
		{213554AC-2009-4A64-BECA-ED30ECD5ABB4}.Debug|x64.ActiveCfg = Debug|x64
		{213554AC-2009-4A64-BECA-ED30ECD5ABB4}.Debug|x64.Build.0 = Debug|x64
		{213554AC-2009-4A64-BECA-ED30ECD5ABB4}.Debug|x86.ActiveCfg = Debug|Win32
		{213554AC-2009-4A64-BECA-ED30ECD5ABB4}.Debug|x86.Build.0 = Debug|Win32
		{213554AC-2009-4A64-BECA-ED30ECD5ABB4}.Release|x64.ActiveCfg = Release|x64
		{213554AC-2009-4A64-BECA-ED30ECD5ABB4}.Release|x64.Build.0 = Release|x64
		{213554AC-2009-4A64-BECA-ED30ECD5ABB4}.Release|x86.ActiveCfg = Release|Win32
		{213554AC-2009-4A64-BECA-ED30ECD5ABB4}.Release|x86.Build.0 = Release|Win32
		{A26600DE-F297-4AA5-88C1-BC8337C9FCD4}.Debug|x64.ActiveCfg = Debug|x64
		{A26600DE-F297-4AA5-88C1-BC8337C9FCD4}.Debug|x64.Build.0 = Debug|x64
		{A26600DE-F297-4AA5-88C1-BC8337C9FCD4}.Debug|x86.ActiveCfg = Debug|Win32
		{A26600DE-F297-4AA5-88C1-BC8337C9FCD4}.Debug|x86.Build.0 = Debug|Win32
		{A26600DE-F297-4AA5-88C1-BC8337C9FCD4}.Release|x64.ActiveCfg = Release|x64
		{A26600DE-F297-4AA5-88C1-BC8337C9FCD4}.Release|x64.Build.0 = Release|x64
		{A26600DE-F297-4AA5-88C1-BC8337C9FCD4}.Release|x86.ActiveCfg = Release|Win32
		{A26600DE-F297-4AA5-88C1-BC8337C9FCD4}.Release|x86.Build.0 = Release|Win32
	EndGlobalSection
	GlobalSection(SolutionProperties) = preSolution
		HideSolutionNode = FALSE
	EndGlobalSection
EndGlobal
